
Microsoft Visual Studio Solution File, Format Version 12.00
# Visual Studio Version 16
VisualStudioVersion = 16.0.32106.194
MinimumVisualStudioVersion = 10.0.40219.1
Project("{8BC9CEB8-8B4A-11D0-8D11-00A0C91BC942}") = "Lab_oop_3.3G", "Lab_oop_3.3G\Lab_oop_3.3G.vcxproj", "{E7C822A7-8243-409D-BFEA-848C88351E60}"
EndProject
Project("{8BC9CEB8-8B4A-11D0-8D11-00A0C91BC942}") = "UnitTest1", "UnitTest1\UnitTest1.vcxproj", "{943B81B6-BDFB-4721-9815-D57454141E79}"
EndProject
Global
	GlobalSection(SolutionConfigurationPlatforms) = preSolution
		Debug|x64 = Debug|x64
		Debug|x86 = Debug|x86
		Release|x64 = Release|x64
		Release|x86 = Release|x86
	EndGlobalSection
	GlobalSection(ProjectConfigurationPlatforms) = postSolution
		{E7C822A7-8243-409D-BFEA-848C88351E60}.Debug|x64.ActiveCfg = Debug|x64
		{E7C822A7-8243-409D-BFEA-848C88351E60}.Debug|x64.Build.0 = Debug|x64
		{E7C822A7-8243-409D-BFEA-848C88351E60}.Debug|x86.ActiveCfg = Debug|Win32
		{E7C822A7-8243-409D-BFEA-848C88351E60}.Debug|x86.Build.0 = Debug|Win32
		{E7C822A7-8243-409D-BFEA-848C88351E60}.Release|x64.ActiveCfg = Release|x64
		{E7C822A7-8243-409D-BFEA-848C88351E60}.Release|x64.Build.0 = Release|x64
		{E7C822A7-8243-409D-BFEA-848C88351E60}.Release|x86.ActiveCfg = Release|Win32
		{E7C822A7-8243-409D-BFEA-848C88351E60}.Release|x86.Build.0 = Release|Win32
		{943B81B6-BDFB-4721-9815-D57454141E79}.Debug|x64.ActiveCfg = Debug|x64
		{943B81B6-BDFB-4721-9815-D57454141E79}.Debug|x64.Build.0 = Debug|x64
		{943B81B6-BDFB-4721-9815-D57454141E79}.Debug|x86.ActiveCfg = Debug|Win32
		{943B81B6-BDFB-4721-9815-D57454141E79}.Debug|x86.Build.0 = Debug|Win32
		{943B81B6-BDFB-4721-9815-D57454141E79}.Release|x64.ActiveCfg = Release|x64
		{943B81B6-BDFB-4721-9815-D57454141E79}.Release|x64.Build.0 = Release|x64
		{943B81B6-BDFB-4721-9815-D57454141E79}.Release|x86.ActiveCfg = Release|Win32
		{943B81B6-BDFB-4721-9815-D57454141E79}.Release|x86.Build.0 = Release|Win32
	EndGlobalSection
	GlobalSection(SolutionProperties) = preSolution
		HideSolutionNode = FALSE
	EndGlobalSection
	GlobalSection(ExtensibilityGlobals) = postSolution
		SolutionGuid = {E83A4A76-8F6A-479B-8C70-C7EE241D0DDF}
	EndGlobalSection
EndGlobal
